
Microsoft Visual Studio Solution File, Format Version 12.00
# Visual Studio Version 17
VisualStudioVersion = 17.14.36908.2 d17.14
MinimumVisualStudioVersion = 10.0.40219.1
Project("{FAE04EC0-301F-11D3-BF4B-00C04F79EFBC}") = "MVC-Procvic", "MVC-Procvic\MVC-Procvic.csproj", "{436F0AD4-774D-4048-A373-BFA2F461B9D6}"
EndProject
Global
	GlobalSection(SolutionConfigurationPlatforms) = preSolution
		Debug|Any CPU = Debug|Any CPU
		Release|Any CPU = Release|Any CPU
	EndGlobalSection
	GlobalSection(ProjectConfigurationPlatforms) = postSolution
		{436F0AD4-774D-4048-A373-BFA2F461B9D6}.Debug|Any CPU.ActiveCfg = Debug|Any CPU
		{436F0AD4-774D-4048-A373-BFA2F461B9D6}.Debug|Any CPU.Build.0 = Debug|Any CPU
		{436F0AD4-774D-4048-A373-BFA2F461B9D6}.Release|Any CPU.ActiveCfg = Release|Any CPU
		{436F0AD4-774D-4048-A373-BFA2F461B9D6}.Release|Any CPU.Build.0 = Release|Any CPU
	EndGlobalSection
	GlobalSection(SolutionProperties) = preSolution
		HideSolutionNode = FALSE
	EndGlobalSection
	GlobalSection(ExtensibilityGlobals) = postSolution
		SolutionGuid = {D7523B4A-2F5F-4B16-B64B-68815E194FE1}
	EndGlobalSection
EndGlobal
